{
  "name": "build-echo",
  "version": "1.0.0",
  "lockfileVersion": 3,
  "requires": true,
  "packages": {
    "": {
      "name": "build-echo",
      "version": "1.0.0",
      "license": "MIT",
      "devDependencies": {
        "@minecraft/common": "1.2.0",
        "@minecraft/server": "2.8.0",
        "@minecraft/server-ui": "2.1.0",
        "@minecraft/vanilla-data": "1.26.30",
        "fflate": "0.8.2",
        "typescript": "5.9.2"
      }
    },
    "node_modules/@minecraft/common": {
      "version": "1.2.0",
      "resolved": "https://registry.npmjs.org/@minecraft/common/-/common-1.2.0.tgz",
      "integrity": "sha512-JdmEq4P3Z/FtoBzhLijFgMSVFnFRrUoLwY8DHHrgtFo0mfLTOLTB1RErYjLMsA6b7BGVNxkX/pfFRiH7QZ0XwQ==",
      "dev": true,
      "license": "MIT"
    },
    "node_modules/@minecraft/server": {
      "version": "2.8.0",
      "resolved": "https://registry.npmjs.org/@minecraft/server/-/server-2.8.0.tgz",
      "integrity": "sha512-5VPlToP3IihUWrLHQJdNPSq++vPYnB+IZUVdO6kJ/VWVE29pN230f9SiCD28XU+Ujfh/EdjU3anktXG77pjWLA==",
      "dev": true,
      "license": "MIT",
      "peerDependencies": {
        "@minecraft/common": "^1.2.0",
        "@minecraft/vanilla-data": ">=1.20.70"
      }
    },
    "node_modules/@minecraft/server-ui": {
      "version": "2.1.0",
      "resolved": "https://registry.npmjs.org/@minecraft/server-ui/-/server-ui-2.1.0.tgz",
      "integrity": "sha512-7zXyqK6HI62aH0RlfObLitBc7EldpoAH3AeC8JWOaI6CCNoCi2DG2U78ELdq+NrUIjvCE87Bix/I+hgXsQ5AdA==",
      "dev": true,
      "license": "MIT",
      "peerDependencies": {
        "@minecraft/common": "^1.0.0",
        "@minecraft/server": "^2.0.0"
      }
    },
    "node_modules/@minecraft/vanilla-data": {
      "version": "1.26.30",
      "resolved": "https://registry.npmjs.org/@minecraft/vanilla-data/-/vanilla-data-1.26.30.tgz",
      "integrity": "sha512-fuLY09TsvwRk+7+J6YRujNZT+hyve9qmPK9QUwzpx1DCT2hplVxjWVI/T+Eh03jaNLqWJwGFLLyGbKRW9S3qvA==",
      "dev": true,
      "license": "MIT"
    },
    "node_modules/fflate": {
      "version": "0.8.2",
      "resolved": "https://registry.npmjs.org/fflate/-/fflate-0.8.2.tgz",
      "integrity": "sha512-cPJU47OaAoCbg0pBvzsgpTPhmhqI5eJjh/JIu8tPj5q+T7iLvW/JAYUqmE7KOB4R1ZyEhzBaIQpQpardBF5z8A==",
      "dev": true,
      "license": "MIT"
    },
    "node_modules/typescript": {
      "version": "5.9.2",
      "resolved": "https://registry.npmjs.org/typescript/-/typescript-5.9.2.tgz",
      "integrity": "sha512-CWBzXQrc/qOkhidw1OzBTQuYRbfyxDXJMVJ1XNwUHGROVmuaeiEm3OslpZ1RV96d7SKKjZKrSJu3+t/xlw3R9A==",
      "dev": true,
      "license": "Apache-2.0",
      "bin": {
        "tsc": "bin/tsc",
        "tsserver": "bin/tsserver"
      },
      "engines": {
        "node": ">=14.17"
      }
    }
  }
}
